# This file is autogenerated, do not edit; changes may be undone by the next 'dep ensure'.


[[projects]]
  branch = "master"
  name = "github.com/FactomProject/basen"
  packages = ["."]
  revision = "fe3947df716ebfda9847eb1b9a48f9592e06478c"

[[projects]]
  branch = "master"
  name = "github.com/FactomProject/btcutilecc"
  packages = ["."]
  revision = "d3a63a5752ecf3fbc06bd97365da752111c263df"

[[projects]]
  branch = "master"
  name = "github.com/StorjPlatform/gocoin"
  packages = ["btcec"]
  revision = "f253b35a7fff0ff1021c2c7176ec5c361b867ca9"

[[projects]]
  branch = "master"
  name = "github.com/TankerApp/gocoin"
  packages = ["base58check","base58check/base58","btcec"]
  revision = "e987e76488ab8e86eeb1768e95839f9fa570e4ab"

[[projects]]
  branch = "master"
  name = "github.com/mr-tron/base58"
  packages = ["base58"]
  revision = "ad13f13a98a9a71ddf6c4f6d15b666930ec73da2"

[[projects]]
  branch = "master"
  name = "github.com/tyler-smith/go-bip32"
  packages = ["."]
  revision = "2c9cfd17756470a0b7c3e4b7954bae7d11035504"

[[projects]]
  branch = "master"
  name = "github.com/utamaro/gocoin"
  packages = ["."]
  revision = "f253b35a7fff0ff1021c2c7176ec5c361b867ca9"

[[projects]]
  branch = "master"
  name = "golang.org/x/crypto"
  packages = ["bcrypt","blowfish","ripemd160"]
  revision = "9f005a07e0d31d45e6656d241bb5c0f2efd4bc94"

[solve-meta]
  analyzer-name = "dep"
  analyzer-version = 1
  inputs-digest = "9f2b674f80910bd05dc813a3d0845796ce09ccd647320ac736b2fc442a78c2b7"
  solver-name = "gps-cdcl"
  solver-version = 1
